
Microsoft Visual Studio Solution File, Format Version 12.00
# Visual Studio Version 17
VisualStudioVersion = 17.11.35327.3
MinimumVisualStudioVersion = 10.0.40219.1
Project("{FAE04EC0-301F-11D3-BF4B-00C04F79EFBC}") = "Assignments 3.1.3", "Assignments 3.1.3.csproj", "{12255DB8-72B5-4B1C-8FD6-4BB8D7B8D372}"
EndProject
Global
	GlobalSection(SolutionConfigurationPlatforms) = preSolution
		Debug|Any CPU = Debug|Any CPU
		Release|Any CPU = Release|Any CPU
	EndGlobalSection
	GlobalSection(ProjectConfigurationPlatforms) = postSolution
		{12255DB8-72B5-4B1C-8FD6-4BB8D7B8D372}.Debug|Any CPU.ActiveCfg = Debug|Any CPU
		{12255DB8-72B5-4B1C-8FD6-4BB8D7B8D372}.Debug|Any CPU.Build.0 = Debug|Any CPU
		{12255DB8-72B5-4B1C-8FD6-4BB8D7B8D372}.Release|Any CPU.ActiveCfg = Release|Any CPU
		{12255DB8-72B5-4B1C-8FD6-4BB8D7B8D372}.Release|Any CPU.Build.0 = Release|Any CPU
	EndGlobalSection
	GlobalSection(SolutionProperties) = preSolution
		HideSolutionNode = FALSE
	EndGlobalSection
	GlobalSection(ExtensibilityGlobals) = postSolution
		SolutionGuid = {6945F931-FA9F-4F85-813E-A7FA86E7FC94}
	EndGlobalSection
EndGlobal
